
Microsoft Visual Studio Solution File, Format Version 12.00
Project("{FAE04EC0-301F-11D3-BF4B-00C04F79EFBC}") = "Harpocrates.API", "Harpocrates.API\Harpocrates.API.csproj", "{27649263-D198-4DFE-8901-EB57D85070E5}"
EndProject
Global
	GlobalSection(SolutionConfigurationPlatforms) = preSolution
		Debug|Any CPU = Debug|Any CPU
		Release|Any CPU = Release|Any CPU
	EndGlobalSection
	GlobalSection(ProjectConfigurationPlatforms) = postSolution
		{27649263-D198-4DFE-8901-EB57D85070E5}.Debug|Any CPU.ActiveCfg = Debug|Any CPU
		{27649263-D198-4DFE-8901-EB57D85070E5}.Debug|Any CPU.Build.0 = Debug|Any CPU
		{27649263-D198-4DFE-8901-EB57D85070E5}.Release|Any CPU.ActiveCfg = Release|Any CPU
		{27649263-D198-4DFE-8901-EB57D85070E5}.Release|Any CPU.Build.0 = Release|Any CPU
	EndGlobalSection
EndGlobal
